
Microsoft Visual Studio Solution File, Format Version 12.00
# Visual Studio Version 16
VisualStudioVersion = 16.0.30225.117
MinimumVisualStudioVersion = 10.0.40219.1
Project("{FAE04EC0-301F-11D3-BF4B-00C04F79EFBC}") = "Example", "Example\Example.csproj", "{A6487019-3B11-477F-837D-B8DB74BD0800}"
EndProject
Global
	GlobalSection(SolutionConfigurationPlatforms) = preSolution
		Debug|Any CPU = Debug|Any CPU
		Release|Any CPU = Release|Any CPU
	EndGlobalSection
	GlobalSection(ProjectConfigurationPlatforms) = postSolution
		{A6487019-3B11-477F-837D-B8DB74BD0800}.Debug|Any CPU.ActiveCfg = Debug|Any CPU
		{A6487019-3B11-477F-837D-B8DB74BD0800}.Debug|Any CPU.Build.0 = Debug|Any CPU
		{A6487019-3B11-477F-837D-B8DB74BD0800}.Release|Any CPU.ActiveCfg = Release|Any CPU
		{A6487019-3B11-477F-837D-B8DB74BD0800}.Release|Any CPU.Build.0 = Release|Any CPU
	EndGlobalSection
	GlobalSection(SolutionProperties) = preSolution
		HideSolutionNode = FALSE
	EndGlobalSection
	GlobalSection(ExtensibilityGlobals) = postSolution
		SolutionGuid = {56D302EF-7A61-43B0-B55B-9A9C89303C8A}
	EndGlobalSection
EndGlobal
