Microsoft Visual Studio Solution File, Format Version 12.00
# Visual Studio 2017VisualStudioVersion = 15.0.27004.2009
MinimumVisualStudioVersion = 10.0.40219.1
Project("{9A19103F-16F7-4668-BE54-9A1E7A4F7556}") = "T577088.DevExpress.AspNetCore.Reporting", "T577088.DevExpress.AspNetCore.Reporting\T577088.DevExpress.AspNetCore.Reporting.csproj", "{3E2745F0-C5AF-46DB-94E3-1A6763188B90}"
EndProject
Project("{FAE04EC0-301F-11D3-BF4B-00C04F79EFBC}") = "Reports", "Reports\Reports.csproj", "{20445BEC-1983-4598-9896-F00E1CCA6A84}"
EndProject
Global
	GlobalSection(SolutionConfigurationPlatforms) = preSolution
		Debug|Any CPU = Debug|Any CPU
		Release|Any CPU = Release|Any CPU
	EndGlobalSection
	GlobalSection(ProjectConfigurationPlatforms) = postSolution
		{3E2745F0-C5AF-46DB-94E3-1A6763188B90}.Debug|Any CPU.ActiveCfg = Debug|Any CPU
		{3E2745F0-C5AF-46DB-94E3-1A6763188B90}.Debug|Any CPU.Build.0 = Debug|Any CPU
		{3E2745F0-C5AF-46DB-94E3-1A6763188B90}.Release|Any CPU.ActiveCfg = Release|Any CPU
		{3E2745F0-C5AF-46DB-94E3-1A6763188B90}.Release|Any CPU.Build.0 = Release|Any CPU
		{20445BEC-1983-4598-9896-F00E1CCA6A84}.Debug|Any CPU.ActiveCfg = Debug|Any CPU
		{20445BEC-1983-4598-9896-F00E1CCA6A84}.Debug|Any CPU.Build.0 = Debug|Any CPU
		{20445BEC-1983-4598-9896-F00E1CCA6A84}.Release|Any CPU.ActiveCfg = Release|Any CPU
		{20445BEC-1983-4598-9896-F00E1CCA6A84}.Release|Any CPU.Build.0 = Release|Any CPU
	EndGlobalSection
	GlobalSection(SolutionProperties) = preSolution
		HideSolutionNode = FALSE
	EndGlobalSection
	GlobalSection(ExtensibilityGlobals) = postSolution
		SolutionGuid = {7E38FCAE-E337-4170-855E-C0EAFC991981}
	EndGlobalSection
EndGlobal
